// !$*UTF8*$!
{
	archiveVersion = 1;
	classes = {
	};
	objectVersion = 46;
	objects = {

/* Begin PBXBuildFile section */
		130907FC1D3D2FDA007DB5D8 /* AppDelegate.swift in Sources */ = {isa = PBXBuildFile; fileRef = 130907FB1D3D2FDA007DB5D8 /* AppDelegate.swift */; };
		130907FE1D3D2FDA007DB5D8 /* ViewController.swift in Sources */ = {isa = PBXBuildFile; fileRef = 130907FD1D3D2FDA007DB5D8 /* ViewController.swift */; };
		130908011D3D2FDA007DB5D8 /* Main.storyboard in Resources */ = {isa = PBXBuildFile; fileRef = 130907FF1D3D2FDA007DB5D8 /* Main.storyboard */; };
		130908031D3D2FDA007DB5D8 /* Assets.xcassets in Resources */ = {isa = PBXBuildFile; fileRef = 130908021D3D2FDA007DB5D8 /* Assets.xcassets */; };
		130908061D3D2FDA007DB5D8 /* LaunchScreen.storyboard in Resources */ = {isa = PBXBuildFile; fileRef = 130908041D3D2FDA007DB5D8 /* LaunchScreen.storyboard */; };
		13DBD89D1D458C2900B2616C /* TableController.framework in Frameworks */ = {isa = PBXBuildFile; fileRef = 13DBD89C1D458C2900B2616C /* TableController.framework */; };
		13F2C8E21DCA679400CB0FC8 /* NibCell.xib in Resources */ = {isa = PBXBuildFile; fileRef = 13F2C8E11DCA679400CB0FC8 /* NibCell.xib */; };
		9970AC501D410BEB004FF260 /* TestHeaderView.swift in Sources */ = {isa = PBXBuildFile; fileRef = 9970AC4F1D410BEB004FF260 /* TestHeaderView.swift */; };
		DE6CBEEA1F1915D3004A59AA /* CountingCellController.swift in Sources */ = {isa = PBXBuildFile; fileRef = DE6CBEE91F1915D3004A59AA /* CountingCellController.swift */; };
		DE6CBEEE1F191640004A59AA /* CountingCell.xib in Resources */ = {isa = PBXBuildFile; fileRef = DE6CBEEC1F191640004A59AA /* CountingCell.xib */; };
		DE6CBEF01F194AFF004A59AA /* ResizingCellController.swift in Sources */ = {isa = PBXBuildFile; fileRef = DE6CBEEF1F194AFF004A59AA /* ResizingCellController.swift */; };
		DE6CBEF21F19564E004A59AA /* ResizingHeaderController.swift in Sources */ = {isa = PBXBuildFile; fileRef = DE6CBEF11F19564E004A59AA /* ResizingHeaderController.swift */; };
/* End PBXBuildFile section */

/* Begin PBXFileReference section */
		130907F81D3D2FDA007DB5D8 /* ExampleProject.app */ = {isa = PBXFileReference; explicitFileType = wrapper.application; includeInIndex = 0; path = ExampleProject.app; sourceTree = BUILT_PRODUCTS_DIR; };
		130907FB1D3D2FDA007DB5D8 /* AppDelegate.swift */ = {isa = PBXFileReference; lastKnownFileType = sourcecode.swift; path = AppDelegate.swift; sourceTree = "<group>"; };
		130907FD1D3D2FDA007DB5D8 /* ViewController.swift */ = {isa = PBXFileReference; lastKnownFileType = sourcecode.swift; lineEnding = 0; path = ViewController.swift; sourceTree = "<group>"; xcLanguageSpecificationIdentifier = xcode.lang.swift; };
		130908001D3D2FDA007DB5D8 /* Base */ = {isa = PBXFileReference; lastKnownFileType = file.storyboard; name = Base; path = Base.lproj/Main.storyboard; sourceTree = "<group>"; };
		130908021D3D2FDA007DB5D8 /* Assets.xcassets */ = {isa = PBXFileReference; lastKnownFileType = folder.assetcatalog; path = Assets.xcassets; sourceTree = "<group>"; };
		130908051D3D2FDA007DB5D8 /* Base */ = {isa = PBXFileReference; lastKnownFileType = file.storyboard; name = Base; path = Base.lproj/LaunchScreen.storyboard; sourceTree = "<group>"; };
		130908071D3D2FDA007DB5D8 /* Info.plist */ = {isa = PBXFileReference; lastKnownFileType = text.plist.xml; path = Info.plist; sourceTree = "<group>"; };
		13DBD89C1D458C2900B2616C /* TableController.framework */ = {isa = PBXFileReference; lastKnownFileType = wrapper.framework; name = TableController.framework; path = "../../../../Library/Developer/Xcode/DerivedData/TableController-cxnnheuzrmsbwqeqqlxqnsyfiqec/Build/Products/Debug-iphonesimulator/TableController.framework"; sourceTree = "<group>"; };
		13F2C8E11DCA679400CB0FC8 /* NibCell.xib */ = {isa = PBXFileReference; fileEncoding = 4; lastKnownFileType = file.xib; path = NibCell.xib; sourceTree = "<group>"; };
		9970AC4F1D410BEB004FF260 /* TestHeaderView.swift */ = {isa = PBXFileReference; fileEncoding = 4; lastKnownFileType = sourcecode.swift; path = TestHeaderView.swift; sourceTree = "<group>"; };
		DE6CBEE91F1915D3004A59AA /* CountingCellController.swift */ = {isa = PBXFileReference; fileEncoding = 4; lastKnownFileType = sourcecode.swift; path = CountingCellController.swift; sourceTree = "<group>"; };
		DE6CBEEC1F191640004A59AA /* CountingCell.xib */ = {isa = PBXFileReference; fileEncoding = 4; lastKnownFileType = file.xib; path = CountingCell.xib; sourceTree = "<group>"; };
		DE6CBEEF1F194AFF004A59AA /* ResizingCellController.swift */ = {isa = PBXFileReference; fileEncoding = 4; lastKnownFileType = sourcecode.swift; path = ResizingCellController.swift; sourceTree = "<group>"; };
		DE6CBEF11F19564E004A59AA /* ResizingHeaderController.swift */ = {isa = PBXFileReference; fileEncoding = 4; lastKnownFileType = sourcecode.swift; path = ResizingHeaderController.swift; sourceTree = "<group>"; };
/* End PBXFileReference section */

/* Begin PBXFrameworksBuildPhase section */
		130907F51D3D2FDA007DB5D8 /* Frameworks */ = {
			isa = PBXFrameworksBuildPhase;
			buildActionMask = 2147483647;
			files = (
				13DBD89D1D458C2900B2616C /* TableController.framework in Frameworks */,
			);
			runOnlyForDeploymentPostprocessing = 0;
		};
/* End PBXFrameworksBuildPhase section */

/* Begin PBXGroup section */
		130907EF1D3D2FDA007DB5D8 = {
			isa = PBXGroup;
			children = (
				13DBD89C1D458C2900B2616C /* TableController.framework */,
				130907FA1D3D2FDA007DB5D8 /* ExampleProject */,
				130907F91D3D2FDA007DB5D8 /* Products */,
			);
			sourceTree = "<group>";
		};
		130907F91D3D2FDA007DB5D8 /* Products */ = {
			isa = PBXGroup;
			children = (
				130907F81D3D2FDA007DB5D8 /* ExampleProject.app */,
			);
			name = Products;
			sourceTree = "<group>";
		};
		130907FA1D3D2FDA007DB5D8 /* ExampleProject */ = {
			isa = PBXGroup;
			children = (
				130907FB1D3D2FDA007DB5D8 /* AppDelegate.swift */,
				130907FD1D3D2FDA007DB5D8 /* ViewController.swift */,
				130907FF1D3D2FDA007DB5D8 /* Main.storyboard */,
				130908021D3D2FDA007DB5D8 /* Assets.xcassets */,
				130908041D3D2FDA007DB5D8 /* LaunchScreen.storyboard */,
				130908071D3D2FDA007DB5D8 /* Info.plist */,
				9970AC4F1D410BEB004FF260 /* TestHeaderView.swift */,
				13F2C8E11DCA679400CB0FC8 /* NibCell.xib */,
				DE6CBEE91F1915D3004A59AA /* CountingCellController.swift */,
				DE6CBEEC1F191640004A59AA /* CountingCell.xib */,
				DE6CBEEF1F194AFF004A59AA /* ResizingCellController.swift */,
				DE6CBEF11F19564E004A59AA /* ResizingHeaderController.swift */,
			);
			path = ExampleProject;
			sourceTree = "<group>";
		};
/* End PBXGroup section */

/* Begin PBXNativeTarget section */
		130907F71D3D2FDA007DB5D8 /* ExampleProject */ = {
			isa = PBXNativeTarget;
			buildConfigurationList = 1309080A1D3D2FDA007DB5D8 /* Build configuration list for PBXNativeTarget "ExampleProject" */;
			buildPhases = (
				130907F41D3D2FDA007DB5D8 /* Sources */,
				130907F51D3D2FDA007DB5D8 /* Frameworks */,
				130907F61D3D2FDA007DB5D8 /* Resources */,
			);
			buildRules = (
			);
			dependencies = (
			);
			name = ExampleProject;
			productName = ExampleProject;
			productReference = 130907F81D3D2FDA007DB5D8 /* ExampleProject.app */;
			productType = "com.apple.product-type.application";
		};
/* End PBXNativeTarget section */

/* Begin PBXProject section */
		130907F01D3D2FDA007DB5D8 /* Project object */ = {
			isa = PBXProject;
			attributes = {
				LastSwiftUpdateCheck = 0730;
				LastUpgradeCheck = 0730;
				ORGANIZATIONNAME = "Duncan Lewis";
				TargetAttributes = {
					130907F71D3D2FDA007DB5D8 = {
						CreatedOnToolsVersion = 7.3.1;
						LastSwiftMigration = 0810;
					};
				};
			};
			buildConfigurationList = 130907F31D3D2FDA007DB5D8 /* Build configuration list for PBXProject "ExampleProject" */;
			compatibilityVersion = "Xcode 3.2";
			developmentRegion = English;
			hasScannedForEncodings = 0;
			knownRegions = (
				en,
				Base,
			);
			mainGroup = 130907EF1D3D2FDA007DB5D8;
			productRefGroup = 130907F91D3D2FDA007DB5D8 /* Products */;
			projectDirPath = "";
			projectRoot = "";
			targets = (
				130907F71D3D2FDA007DB5D8 /* ExampleProject */,
			);
		};
/* End PBXProject section */

/* Begin PBXResourcesBuildPhase section */
		130907F61D3D2FDA007DB5D8 /* Resources */ = {
			isa = PBXResourcesBuildPhase;
			buildActionMask = 2147483647;
			files = (
				130908061D3D2FDA007DB5D8 /* LaunchScreen.storyboard in Resources */,
				13F2C8E21DCA679400CB0FC8 /* NibCell.xib in Resources */,
				130908031D3D2FDA007DB5D8 /* Assets.xcassets in Resources */,
				DE6CBEEE1F191640004A59AA /* CountingCell.xib in Resources */,
				130908011D3D2FDA007DB5D8 /* Main.storyboard in Resources */,
			);
			runOnlyForDeploymentPostprocessing = 0;
		};
/* End PBXResourcesBuildPhase section */

/* Begin PBXSourcesBuildPhase section */
		130907F41D3D2FDA007DB5D8 /* Sources */ = {
			isa = PBXSourcesBuildPhase;
			buildActionMask = 2147483647;
			files = (
				9970AC501D410BEB004FF260 /* TestHeaderView.swift in Sources */,
				130907FE1D3D2FDA007DB5D8 /* ViewController.swift in Sources */,
				DE6CBEEA1F1915D3004A59AA /* CountingCellController.swift in Sources */,
				DE6CBEF01F194AFF004A59AA /* ResizingCellController.swift in Sources */,
				130907FC1D3D2FDA007DB5D8 /* AppDelegate.swift in Sources */,
				DE6CBEF21F19564E004A59AA /* ResizingHeaderController.swift in Sources */,
			);
			runOnlyForDeploymentPostprocessing = 0;
		};
/* End PBXSourcesBuildPhase section */

/* Begin PBXVariantGroup section */
		130907FF1D3D2FDA007DB5D8 /* Main.storyboard */ = {
			isa = PBXVariantGroup;
			children = (
				130908001D3D2FDA007DB5D8 /* Base */,
			);
			name = Main.storyboard;
			sourceTree = "<group>";
		};
		130908041D3D2FDA007DB5D8 /* LaunchScreen.storyboard */ = {
			isa = PBXVariantGroup;
			children = (
				130908051D3D2FDA007DB5D8 /* Base */,
			);
			name = LaunchScreen.storyboard;
			sourceTree = "<group>";
		};
/* End PBXVariantGroup section */

/* Begin XCBuildConfiguration section */
		130908081D3D2FDA007DB5D8 /* Debug */ = {
			isa = XCBuildConfiguration;
			buildSettings = {
				ALWAYS_SEARCH_USER_PATHS = NO;
				CLANG_ANALYZER_NONNULL = YES;
				CLANG_CXX_LANGUAGE_STANDARD = "gnu++0x";
				CLANG_CXX_LIBRARY = "libc++";
				CLANG_ENABLE_MODULES = YES;
				CLANG_ENABLE_OBJC_ARC = YES;
				CLANG_WARN_BOOL_CONVERSION = YES;
				CLANG_WARN_CONSTANT_CONVERSION = YES;
				CLANG_WARN_DIRECT_OBJC_ISA_USAGE = YES_ERROR;
				CLANG_WARN_EMPTY_BODY = YES;
				CLANG_WARN_ENUM_CONVERSION = YES;
				CLANG_WARN_INT_CONVERSION = YES;
				CLANG_WARN_OBJC_ROOT_CLASS = YES_ERROR;
				CLANG_WARN_UNREACHABLE_CODE = YES;
				CLANG_WARN__DUPLICATE_METHOD_MATCH = YES;
				"CODE_SIGN_IDENTITY[sdk=iphoneos*]" = "iPhone Developer";
				COPY_PHASE_STRIP = NO;
				DEBUG_INFORMATION_FORMAT = dwarf;
				ENABLE_STRICT_OBJC_MSGSEND = YES;
				ENABLE_TESTABILITY = YES;
				GCC_C_LANGUAGE_STANDARD = gnu99;
				GCC_DYNAMIC_NO_PIC = NO;
				GCC_NO_COMMON_BLOCKS = YES;
				GCC_OPTIMIZATION_LEVEL = 0;
				GCC_PREPROCESSOR_DEFINITIONS = (
					"DEBUG=1",
					"$(inherited)",
				);
				GCC_WARN_64_TO_32_BIT_CONVERSION = YES;
				GCC_WARN_ABOUT_RETURN_TYPE = YES_ERROR;
				GCC_WARN_UNDECLARED_SELECTOR = YES;
				GCC_WARN_UNINITIALIZED_AUTOS = YES_AGGRESSIVE;
				GCC_WARN_UNUSED_FUNCTION = YES;
				GCC_WARN_UNUSED_VARIABLE = YES;
				IPHONEOS_DEPLOYMENT_TARGET = 9.3;
				MTL_ENABLE_DEBUG_INFO = YES;
				ONLY_ACTIVE_ARCH = YES;
				SDKROOT = iphoneos;
				SWIFT_OPTIMIZATION_LEVEL = "-Onone";
			};
			name = Debug;
		};
		130908091D3D2FDA007DB5D8 /* Release */ = {
			isa = XCBuildConfiguration;
			buildSettings = {
				ALWAYS_SEARCH_USER_PATHS = NO;
				CLANG_ANALYZER_NONNULL = YES;
				CLANG_CXX_LANGUAGE_STANDARD = "gnu++0x";
				CLANG_CXX_LIBRARY = "libc++";
				CLANG_ENABLE_MODULES = YES;
				CLANG_ENABLE_OBJC_ARC = YES;
				CLANG_WARN_BOOL_CONVERSION = YES;
				CLANG_WARN_CONSTANT_CONVERSION = YES;
				CLANG_WARN_DIRECT_OBJC_ISA_USAGE = YES_ERROR;
				CLANG_WARN_EMPTY_BODY = YES;
				CLANG_WARN_ENUM_CONVERSION = YES;
				CLANG_WARN_INT_CONVERSION = YES;
				CLANG_WARN_OBJC_ROOT_CLASS = YES_ERROR;
				CLANG_WARN_UNREACHABLE_CODE = YES;
				CLANG_WARN__DUPLICATE_METHOD_MATCH = YES;
				"CODE_SIGN_IDENTITY[sdk=iphoneos*]" = "iPhone Developer";
				COPY_PHASE_STRIP = NO;
				DEBUG_INFORMATION_FORMAT = "dwarf-with-dsym";
				ENABLE_NS_ASSERTIONS = NO;
				ENABLE_STRICT_OBJC_MSGSEND = YES;
				GCC_C_LANGUAGE_STANDARD = gnu99;
				GCC_NO_COMMON_BLOCKS = YES;
				GCC_WARN_64_TO_32_BIT_CONVERSION = YES;
				GCC_WARN_ABOUT_RETURN_TYPE = YES_ERROR;
				GCC_WARN_UNDECLARED_SELECTOR = YES;
				GCC_WARN_UNINITIALIZED_AUTOS = YES_AGGRESSIVE;
				GCC_WARN_UNUSED_FUNCTION = YES;
				GCC_WARN_UNUSED_VARIABLE = YES;
				IPHONEOS_DEPLOYMENT_TARGET = 9.3;
				MTL_ENABLE_DEBUG_INFO = NO;
				SDKROOT = iphoneos;
				VALIDATE_PRODUCT = YES;
			};
			name = Release;
		};
		1309080B1D3D2FDA007DB5D8 /* Debug */ = {
			isa = XCBuildConfiguration;
			buildSettings = {
				ASSETCATALOG_COMPILER_APPICON_NAME = AppIcon;
				INFOPLIST_FILE = ExampleProject/Info.plist;
				LD_RUNPATH_SEARCH_PATHS = "$(inherited) @executable_path/Frameworks";
				PRODUCT_BUNDLE_IDENTIFIER = com.example.ExampleProject;
				PRODUCT_NAME = "$(TARGET_NAME)";
				SWIFT_VERSION = 3.0;
			};
			name = Debug;
		};
		1309080C1D3D2FDA007DB5D8 /* Release */ = {
			isa = XCBuildConfiguration;
			buildSettings = {
				ASSETCATALOG_COMPILER_APPICON_NAME = AppIcon;
				INFOPLIST_FILE = ExampleProject/Info.plist;
				LD_RUNPATH_SEARCH_PATHS = "$(inherited) @executable_path/Frameworks";
				PRODUCT_BUNDLE_IDENTIFIER = com.example.ExampleProject;
				PRODUCT_NAME = "$(TARGET_NAME)";
				SWIFT_VERSION = 3.0;
			};
			name = Release;
		};
/* End XCBuildConfiguration section */

/* Begin XCConfigurationList section */
		130907F31D3D2FDA007DB5D8 /* Build configuration list for PBXProject "ExampleProject" */ = {
			isa = XCConfigurationList;
			buildConfigurations = (
				130908081D3D2FDA007DB5D8 /* Debug */,
				130908091D3D2FDA007DB5D8 /* Release */,
			);
			defaultConfigurationIsVisible = 0;
			defaultConfigurationName = Release;
		};
		1309080A1D3D2FDA007DB5D8 /* Build configuration list for PBXNativeTarget "ExampleProject" */ = {
			isa = XCConfigurationList;
			buildConfigurations = (
				1309080B1D3D2FDA007DB5D8 /* Debug */,
				1309080C1D3D2FDA007DB5D8 /* Release */,
			);
			defaultConfigurationIsVisible = 0;
			defaultConfigurationName = Release;
		};
/* End XCConfigurationList section */
	};
	rootObject = 130907F01D3D2FDA007DB5D8 /* Project object */;
}
